<?xml version="1.0" encoding="utf-8"?>
<Project ToolsVersion="4.0" xmlns="http://schemas.microsoft.com/developer/msbuild/2003">
  <ItemGroup>
    <Filter Include="源文件">
      <UniqueIdentifier>{4FC737F1-C7A5-4376-A066-2A32D752A2FF}</UniqueIdentifier>
      <Extensions>cpp;c;cc;cxx;c++;cppm;ixx;def;odl;idl;hpj;bat;asm;asmx</Extensions>
    </Filter>
    <Filter Include="头文件">
      <UniqueIdentifier>{93995380-89BD-4b04-88EB-625FBE52EBFB}</UniqueIdentifier>
      <Extensions>h;hh;hpp;hxx;h++;hm;inl;inc;ipp;xsd</Extensions>
    </Filter>
    <Filter Include="资源文件">
      <UniqueIdentifier>{67DA6AB6-F800-4c08-8B7A-83BB121AAD01}</UniqueIdentifier>
      <Extensions>rc;ico;cur;bmp;dlg;rc2;rct;bin;rgs;gif;jpg;jpeg;jpe;resx;tiff;tif;png;wav;mfcribbon-ms</Extensions>
    </Filter>
  </ItemGroup>
  <ItemGroup>
    <ClCompile Include="GL\glad.c">
      <Filter>源文件</Filter>
    </ClCompile>
    <ClCompile Include="GL\display.cpp">
      <Filter>源文件</Filter>
    </ClCompile>
    <ClCompile Include="core\scene.cpp">
      <Filter>源文件</Filter>
    </ClCompile>
  </ItemGroup>
  <ItemGroup>
    <ClInclude Include="core\canvas.h">
      <Filter>源文件</Filter>
    </ClInclude>
    <ClInclude Include="core\base.h">
      <Filter>源文件</Filter>
    </ClInclude>
    <ClInclude Include="Expblas\base.h">
      <Filter>头文件</Filter>
    </ClInclude>
    <ClInclude Include="Expblas\dispatch_cpu.h">
      <Filter>头文件</Filter>
    </ClInclude>
    <ClInclude Include="Expblas\dot_dispatch.h">
      <Filter>头文件</Filter>
    </ClInclude>
    <ClInclude Include="Expblas\exp_engine.h">
      <Filter>头文件</Filter>
    </ClInclude>
    <ClInclude Include="Expblas\expbase.h">
      <Filter>头文件</Filter>
    </ClInclude>
    <ClInclude Include="Expblas\metatools.h">
      <Filter>头文件</Filter>
    </ClInclude>
    <ClInclude Include="Expblas\non_packet.h">
      <Filter>头文件</Filter>
    </ClInclude>
    <ClInclude Include="Expblas\op.h">
      <Filter>头文件</Filter>
    </ClInclude>
    <ClInclude Include="Expblas\packet.h">
      <Filter>头文件</Filter>
    </ClInclude>
    <ClInclude Include="Expblas\pre_declearation.h">
      <Filter>头文件</Filter>
    </ClInclude>
    <ClInclude Include="Expblas\shape.h">
      <Filter>头文件</Filter>
    </ClInclude>
    <ClInclude Include="Expblas\storage.h">
      <Filter>头文件</Filter>
    </ClInclude>
    <ClInclude Include="Expblas\tensor.h">
      <Filter>头文件</Filter>
    </ClInclude>
    <ClInclude Include="GL\display.h">
      <Filter>头文件</Filter>
    </ClInclude>
    <ClInclude Include="GL\GLheaders.h">
      <Filter>头文件</Filter>
    </ClInclude>
    <ClInclude Include="GL\shader.h">
      <Filter>头文件</Filter>
    </ClInclude>
    <ClInclude Include="core\gl_cuda_interop.h">
      <Filter>头文件</Filter>
    </ClInclude>
    <ClInclude Include="core\model.h">
      <Filter>头文件</Filter>
    </ClInclude>
    <ClInclude Include="core\camera.h">
      <Filter>头文件</Filter>
    </ClInclude>
    <ClInclude Include="Expblas\ftensor.h">
      <Filter>头文件</Filter>
    </ClInclude>
    <ClInclude Include="core\intersection.h">
      <Filter>头文件</Filter>
    </ClInclude>
    <ClInclude Include="core\triangle.h">
      <Filter>头文件</Filter>
    </ClInclude>
    <ClInclude Include="core\scene.h">
      <Filter>头文件</Filter>
    </ClInclude>
  </ItemGroup>
  <ItemGroup>
    <CudaCompile Include="test.cpp">
      <Filter>源文件</Filter>
    </CudaCompile>
    <CudaCompile Include="Expblas\dispatch_gpu.cu" />
    <CudaCompile Include="core\canvas.cpp">
      <Filter>源文件</Filter>
    </CudaCompile>
    <CudaCompile Include="core\model.cpp">
      <Filter>源文件</Filter>
    </CudaCompile>
    <CudaCompile Include="core\gl_cuda_interop.cpp">
      <Filter>源文件</Filter>
    </CudaCompile>
    <CudaCompile Include="core\camera.cpp">
      <Filter>源文件</Filter>
    </CudaCompile>
    <CudaCompile Include="core\triangle.cpp">
      <Filter>源文件</Filter>
    </CudaCompile>
    <CudaCompile Include="core\bvh\bvh.cuh">
      <Filter>头文件</Filter>
    </CudaCompile>
    <CudaCompile Include="core\bvh\morton.cuh">
      <Filter>头文件</Filter>
    </CudaCompile>
  </ItemGroup>
</Project>